lockfileVersion: '9.0'

settings:
  autoInstallPeers: true
  excludeLinksFromLockfile: false

importers:

  .:
    dependencies:
      '@tanstack/react-query':
        specifier: ^5.101.0
        version: 5.101.0(react@19.2.7)
      '@tanstack/react-query-devtools':
        specifier: ^5.101.0
        version: 5.101.0(@tanstack/react-query@5.101.0(react@19.2.7))(react@19.2.7)
      react:
        specifier: ^19.2.7
        version: 19.2.7

packages:

  '@tanstack/query-core@5.101.0':
    resolution: {integrity: sha512-cQetA74EB+seWySv1TTKr828TnP0u39m6LykwDXIo84SNortpDkp30TMEjkqtYCNP9c40uT/iwl6MLiufEt0Ow==}

  '@tanstack/query-devtools@5.101.0':
    resolution: {integrity: sha512-MVqw17k08RQtGGLEL654+dX/btbX9p/8WjkznO//zusLTMaObxi3Q+MoFwGVkC9K3tqjn8qrrNhJevXx4fJTeQ==}

  '@tanstack/react-query-devtools@5.101.0':
    resolution: {integrity: sha512-cpZA0+WqKXwrwMfiWZEGGF6QrIWVQFbhBtxqDF5sQsAfrFf47HIE6fiPbQU3wyAUEN2+7UNqLCQe7oG6m3f93w==}
    peerDependencies:
      '@tanstack/react-query': ^5.101.0
      react: ^18 || ^19

  '@tanstack/react-query@5.101.0':
    resolution: {integrity: sha512-rLlJXSpkqfizLWgkR5+eLeIk0MvTx/meEIR7LRjxic+qxiQP8zVjq7BqQkiCMNLQBlLfuOLqqr6KO5GtrDlmSg==}
    peerDependencies:
      react: ^18 || ^19

  react@19.2.7:
    resolution: {integrity: sha512-HNe9WslTbXmFK8o8cmwgAeJFSBvt1bPdHCVKtaaV+WlAN36mpT4hcRpwbf3fY56ar2oIXzsBpOAiIRHAdY0OlQ==}
    engines: {node: '>=0.10.0'}

snapshots:

  '@tanstack/query-core@5.101.0': {}

  '@tanstack/query-devtools@5.101.0': {}

  '@tanstack/react-query-devtools@5.101.0(@tanstack/react-query@5.101.0(react@19.2.7))(react@19.2.7)':
    dependencies:
      '@tanstack/query-devtools': 5.101.0
      '@tanstack/react-query': 5.101.0(react@19.2.7)
      react: 19.2.7

  '@tanstack/react-query@5.101.0(react@19.2.7)':
    dependencies:
      '@tanstack/query-core': 5.101.0
      react: 19.2.7

  react@19.2.7: {}
